PODS:
  - AFNetworking (4.0.1):
    - AFNetworking/NSURLSession (= 4.0.1)
    - AFNetworking/Reachability (= 4.0.1)
    - AFNetworking/Security (= 4.0.1)
    - AFNetworking/Serialization (= 4.0.1)
    - AFNetworking/UIKit (= 4.0.1)
  - AFNetworking/NSURLSession (4.0.1):
    - AFNetworking/Reachability
    - AFNetworking/Security
    - AFNetworking/Serialization
  - AFNetworking/Reachability (4.0.1)
  - AFNetworking/Security (4.0.1)
  - AFNetworking/Serialization (4.0.1)
  - AFNetworking/UIKit (4.0.1):
    - AFNetworking/NSURLSession
  - WSSNetworking (0.0.9):
    - WSSNetworking/WSSNetworkManager (= 0.0.9)
    - WSSNetworking/WSSReachabilityManager (= 0.0.9)
  - WSSNetworking/WSSNetworkManager (0.0.9):
    - AFNetworking
  - WSSNetworking/WSSReachabilityManager (0.0.9)

DEPENDENCIES:
  - WSSNetworking (from `../`)

SPEC REPOS:
  https://github.com/CocoaPods/Specs.git:
    - AFNetworking

EXTERNAL SOURCES:
  WSSNetworking:
    :path: "../"

SPEC CHECKSUMS:
  AFNetworking: 7864c38297c79aaca1500c33288e429c3451fdce
  WSSNetworking: 7ee24c0322ab4267c9c2617a5fa4f628ace4b947

PODFILE CHECKSUM: 2583a9d2f7ec561a6a878d0009307d461505cc3a

COCOAPODS: 1.8.3
